{
  "requires": true,
  "lockfileVersion": 1,
  "dependencies": {
    "angular-stl-model-viewer": {
      "version": "0.6.0",
      "resolved": "https://registry.npmjs.org/angular-stl-model-viewer/-/angular-stl-model-viewer-0.6.0.tgz",
      "integrity": "sha512-qCKw8JjNYNaxDLZicZmYHeN1oXXGW9CjnLyATUx49eCr5xCWbqlGb8FbvuVu84X/Zqbd6dwQGJd67dEwsX3qPQ==",
      "requires": {
        "tslib": "^1.9.0"
      }
    },
    "tslib": {
      "version": "1.13.0",
      "resolved": "https://registry.npmjs.org/tslib/-/tslib-1.13.0.tgz",
      "integrity": "sha512-i/6DQjL8Xf3be4K/E6Wgpekn5Qasl1usyw++dAA35Ue5orEn65VIxOA+YvNNl9HV3qv70T7CNwjODHZrLwvd1Q=="
    }
  }
}
